// !$*UTF8*$!
{
	archiveVersion = 1;
	classes = {
	};
	objectVersion = 46;
	objects = {

/* Begin PBXBuildFile section */
		5FDBFE801AF8F8BA00DC7CEF /* main.c in Sources */ = {isa = PBXBuildFile; fileRef = 5FDBFE7F1AF8F8BA00DC7CEF /* main.c */; };
/* End PBXBuildFile section */

/* Begin PBXCopyFilesBuildPhase section */
		5FDBFE7A1AF8F8BA00DC7CEF /* CopyFiles */ = {
			isa = PBXCopyFilesBuildPhase;
			buildActionMask = 2147483647;
			dstPath = /usr/share/man/man1/;
			dstSubfolderSpec = 0;
			files = (
			);
			runOnlyForDeploymentPostprocessing = 1;
		};
/* End PBXCopyFilesBuildPhase section */

/* Begin PBXFileReference section */
		5FDBFE7C1AF8F8BA00DC7CEF /* DisplayPositioner */ = {isa = PBXFileReference; explicitFileType = "compiled.mach-o.executable"; includeInIndex = 0; path = DisplayPositioner; sourceTree = BUILT_PRODUCTS_DIR; };
		5FDBFE7F1AF8F8BA00DC7CEF /* main.c */ = {isa = PBXFileReference; lastKnownFileType = sourcecode.c.c; path = main.c; sourceTree = "<group>"; };
/* End PBXFileReference section */

/* Begin PBXFrameworksBuildPhase section */
		5FDBFE791AF8F8BA00DC7CEF /* Frameworks */ = {
			isa = PBXFrameworksBuildPhase;
			buildActionMask = 2147483647;
			files = (
			);
			runOnlyForDeploymentPostprocessing = 0;
		};
/* End PBXFrameworksBuildPhase section */

/* Begin PBXGroup section */
		5FDBFE731AF8F8BA00DC7CEF = {
			isa = PBXGroup;
			children = (
				5FDBFE7E1AF8F8BA00DC7CEF /* DisplayPositioner */,
				5FDBFE7D1AF8F8BA00DC7CEF /* Products */,
			);
			sourceTree = "<group>";
		};
		5FDBFE7D1AF8F8BA00DC7CEF /* Products */ = {
			isa = PBXGroup;
			children = (
				5FDBFE7C1AF8F8BA00DC7CEF /* DisplayPositioner */,
			);
			name = Products;
			sourceTree = "<group>";
		};
		5FDBFE7E1AF8F8BA00DC7CEF /* DisplayPositioner */ = {
			isa = PBXGroup;
			children = (
				5FDBFE7F1AF8F8BA00DC7CEF /* main.c */,
			);
			path = DisplayPositioner;
			sourceTree = "<group>";
		};
/* End PBXGroup section */

/* Begin PBXNativeTarget section */
		5FDBFE7B1AF8F8BA00DC7CEF /* DisplayPositioner */ = {
			isa = PBXNativeTarget;
			buildConfigurationList = 5FDBFE831AF8F8BA00DC7CEF /* Build configuration list for PBXNativeTarget "DisplayPositioner" */;
			buildPhases = (
				5FDBFE781AF8F8BA00DC7CEF /* Sources */,
				5FDBFE791AF8F8BA00DC7CEF /* Frameworks */,
				5FDBFE7A1AF8F8BA00DC7CEF /* CopyFiles */,
			);
			buildRules = (
			);
			dependencies = (
			);
			name = DisplayPositioner;
			productName = DisplayPositioner;
			productReference = 5FDBFE7C1AF8F8BA00DC7CEF /* DisplayPositioner */;
			productType = "com.apple.product-type.tool";
		};
/* End PBXNativeTarget section */

/* Begin PBXProject section */
		5FDBFE741AF8F8BA00DC7CEF /* Project object */ = {
			isa = PBXProject;
			attributes = {
				LastUpgradeCheck = 0630;
				ORGANIZATIONNAME = "Lucas Vickers";
				TargetAttributes = {
					5FDBFE7B1AF8F8BA00DC7CEF = {
						CreatedOnToolsVersion = 6.3.1;
					};
				};
			};
			buildConfigurationList = 5FDBFE771AF8F8BA00DC7CEF /* Build configuration list for PBXProject "DisplayPositioner" */;
			compatibilityVersion = "Xcode 3.2";
			developmentRegion = English;
			hasScannedForEncodings = 0;
			knownRegions = (
				en,
			);
			mainGroup = 5FDBFE731AF8F8BA00DC7CEF;
			productRefGroup = 5FDBFE7D1AF8F8BA00DC7CEF /* Products */;
			projectDirPath = "";
			projectRoot = "";
			targets = (
				5FDBFE7B1AF8F8BA00DC7CEF /* DisplayPositioner */,
			);
		};
/* End PBXProject section */

/* Begin PBXSourcesBuildPhase section */
		5FDBFE781AF8F8BA00DC7CEF /* Sources */ = {
			isa = PBXSourcesBuildPhase;
			buildActionMask = 2147483647;
			files = (
				5FDBFE801AF8F8BA00DC7CEF /* main.c in Sources */,
			);
			runOnlyForDeploymentPostprocessing = 0;
		};
/* End PBXSourcesBuildPhase section */

/* Begin XCBuildConfiguration section */
		5FDBFE811AF8F8BA00DC7CEF /* Debug */ = {
			isa = XCBuildConfiguration;
			buildSettings = {
				ALWAYS_SEARCH_USER_PATHS = NO;
				CLANG_CXX_LANGUAGE_STANDARD = "gnu++0x";
				CLANG_CXX_LIBRARY = "libc++";
				CLANG_ENABLE_MODULES = YES;
				CLANG_ENABLE_OBJC_ARC = YES;
				CLANG_WARN_BOOL_CONVERSION = YES;
				CLANG_WARN_CONSTANT_CONVERSION = YES;
				CLANG_WARN_DIRECT_OBJC_ISA_USAGE = YES_ERROR;
				CLANG_WARN_EMPTY_BODY = YES;
				CLANG_WARN_ENUM_CONVERSION = YES;
				CLANG_WARN_INT_CONVERSION = YES;
				CLANG_WARN_OBJC_ROOT_CLASS = YES_ERROR;
				CLANG_WARN_UNREACHABLE_CODE = YES;
				CLANG_WARN__DUPLICATE_METHOD_MATCH = YES;
				COPY_PHASE_STRIP = NO;
				DEBUG_INFORMATION_FORMAT = dwarf;
				ENABLE_STRICT_OBJC_MSGSEND = YES;
				GCC_C_LANGUAGE_STANDARD = gnu99;
				GCC_DYNAMIC_NO_PIC = NO;
				GCC_NO_COMMON_BLOCKS = YES;
				GCC_OPTIMIZATION_LEVEL = 0;
				GCC_PREPROCESSOR_DEFINITIONS = (
					"DEBUG=1",
					"$(inherited)",
				);
				GCC_SYMBOLS_PRIVATE_EXTERN = NO;
				GCC_WARN_64_TO_32_BIT_CONVERSION = YES;
				GCC_WARN_ABOUT_RETURN_TYPE = YES_ERROR;
				GCC_WARN_UNDECLARED_SELECTOR = YES;
				GCC_WARN_UNINITIALIZED_AUTOS = YES_AGGRESSIVE;
				GCC_WARN_UNUSED_FUNCTION = YES;
				GCC_WARN_UNUSED_VARIABLE = YES;
				MACOSX_DEPLOYMENT_TARGET = 10.10;
				MTL_ENABLE_DEBUG_INFO = YES;
				ONLY_ACTIVE_ARCH = YES;
				SDKROOT = macosx;
			};
			name = Debug;
		};
		5FDBFE821AF8F8BA00DC7CEF /* Release */ = {
			isa = XCBuildConfiguration;
			buildSettings = {
				ALWAYS_SEARCH_USER_PATHS = NO;
				CLANG_CXX_LANGUAGE_STANDARD = "gnu++0x";
				CLANG_CXX_LIBRARY = "libc++";
				CLANG_ENABLE_MODULES = YES;
				CLANG_ENABLE_OBJC_ARC = YES;
				CLANG_WARN_BOOL_CONVERSION = YES;
				CLANG_WARN_CONSTANT_CONVERSION = YES;
				CLANG_WARN_DIRECT_OBJC_ISA_USAGE = YES_ERROR;
				CLANG_WARN_EMPTY_BODY = YES;
				CLANG_WARN_ENUM_CONVERSION = YES;
				CLANG_WARN_INT_CONVERSION = YES;
				CLANG_WARN_OBJC_ROOT_CLASS = YES_ERROR;
				CLANG_WARN_UNREACHABLE_CODE = YES;
				CLANG_WARN__DUPLICATE_METHOD_MATCH = YES;
				COPY_PHASE_STRIP = NO;
				DEBUG_INFORMATION_FORMAT = "dwarf-with-dsym";
				ENABLE_NS_ASSERTIONS = NO;
				ENABLE_STRICT_OBJC_MSGSEND = YES;
				GCC_C_LANGUAGE_STANDARD = gnu99;
				GCC_NO_COMMON_BLOCKS = YES;
				GCC_WARN_64_TO_32_BIT_CONVERSION = YES;
				GCC_WARN_ABOUT_RETURN_TYPE = YES_ERROR;
				GCC_WARN_UNDECLARED_SELECTOR = YES;
				GCC_WARN_UNINITIALIZED_AUTOS = YES_AGGRESSIVE;
				GCC_WARN_UNUSED_FUNCTION = YES;
				GCC_WARN_UNUSED_VARIABLE = YES;
				MACOSX_DEPLOYMENT_TARGET = 10.10;
				MTL_ENABLE_DEBUG_INFO = NO;
				SDKROOT = macosx;
			};
			name = Release;
		};
		5FDBFE841AF8F8BA00DC7CEF /* Debug */ = {
			isa = XCBuildConfiguration;
			buildSettings = {
				PRODUCT_NAME = "$(TARGET_NAME)";
			};
			name = Debug;
		};
		5FDBFE851AF8F8BA00DC7CEF /* Release */ = {
			isa = XCBuildConfiguration;
			buildSettings = {
				PRODUCT_NAME = "$(TARGET_NAME)";
			};
			name = Release;
		};
/* End XCBuildConfiguration section */

/* Begin XCConfigurationList section */
		5FDBFE771AF8F8BA00DC7CEF /* Build configuration list for PBXProject "DisplayPositioner" */ = {
			isa = XCConfigurationList;
			buildConfigurations = (
				5FDBFE811AF8F8BA00DC7CEF /* Debug */,
				5FDBFE821AF8F8BA00DC7CEF /* Release */,
			);
			defaultConfigurationIsVisible = 0;
			defaultConfigurationName = Release;
		};
		5FDBFE831AF8F8BA00DC7CEF /* Build configuration list for PBXNativeTarget "DisplayPositioner" */ = {
			isa = XCConfigurationList;
			buildConfigurations = (
				5FDBFE841AF8F8BA00DC7CEF /* Debug */,
				5FDBFE851AF8F8BA00DC7CEF /* Release */,
			);
			defaultConfigurationIsVisible = 0;
		};
/* End XCConfigurationList section */
	};
	rootObject = 5FDBFE741AF8F8BA00DC7CEF /* Project object */;
}
